
Microsoft Visual Studio Solution File, Format Version 12.00
# Visual Studio 15
VisualStudioVersion = 15.0.27004.2005
MinimumVisualStudioVersion = 10.0.40219.1
Project("{FAE04EC0-301F-11D3-BF4B-00C04F79EFBC}") = "Entreprise", "Entreprise.csproj", "{2FF28003-C537-4E14-8391-059DD4ADC719}"
EndProject
Global
	GlobalSection(SolutionConfigurationPlatforms) = preSolution
		Debug|Any CPU = Debug|Any CPU
		Release|Any CPU = Release|Any CPU
	EndGlobalSection
	GlobalSection(ProjectConfigurationPlatforms) = postSolution
		{2FF28003-C537-4E14-8391-059DD4ADC719}.Debug|Any CPU.ActiveCfg = Debug|Any CPU
		{2FF28003-C537-4E14-8391-059DD4ADC719}.Debug|Any CPU.Build.0 = Debug|Any CPU
		{2FF28003-C537-4E14-8391-059DD4ADC719}.Release|Any CPU.ActiveCfg = Release|Any CPU
		{2FF28003-C537-4E14-8391-059DD4ADC719}.Release|Any CPU.Build.0 = Release|Any CPU
	EndGlobalSection
	GlobalSection(SolutionProperties) = preSolution
		HideSolutionNode = FALSE
	EndGlobalSection
	GlobalSection(ExtensibilityGlobals) = postSolution
		SolutionGuid = {85D7CBE6-6EDF-4EBB-9B9A-826841C3C3CB}
	EndGlobalSection
EndGlobal
